// !$*UTF8*$!
{
	archiveVersion = 1;
	classes = {
	};
	objectVersion = 56;
	objects = {

/* Begin PBXBuildFile section */
		C260878A2D0E28C400A464A4 /* iPhoneScreenExtenderApp.swift in Sources */ = {isa = PBXBuildFile; fileRef = C26087892D0E28C400A464A4 /* iPhoneScreenExtenderApp.swift */; };
		C260878C2D0E28C400A464A4 /* ContentView.swift in Sources */ = {isa = PBXBuildFile; fileRef = C260878B2D0E28C400A464A4 /* ContentView.swift */; };
		C260878E2D0E28C600A464A4 /* Assets.xcassets in Resources */ = {isa = PBXBuildFile; fileRef = C260878D2D0E28C600A464A4 /* Assets.xcassets */; };
		C26087912D0E28C600A464A4 /* Preview Assets.xcassets in Resources */ = {isa = PBXBuildFile; fileRef = C26087902D0E28C600A464A4 /* Preview Assets.xcassets */; };
		C260879B2D0E28C600A464A4 /* iPhoneScreenExtenderTests.swift in Sources */ = {isa = PBXBuildFile; fileRef = C260879A2D0E28C600A464A4 /* iPhoneScreenExtenderTests.swift */; };
		C26087A52D0E28C600A464A4 /* iPhoneScreenExtenderUITests.swift in Sources */ = {isa = PBXBuildFile; fileRef = C26087A42D0E28C600A464A4 /* iPhoneScreenExtenderUITests.swift */; };
		C26087A72D0E28C600A464A4 /* iPhoneScreenExtenderUITestsLaunchTests.swift in Sources */ = {isa = PBXBuildFile; fileRef = C26087A62D0E28C600A464A4 /* iPhoneScreenExtenderUITestsLaunchTests.swift */; };
/* End PBXBuildFile section */

/* Begin PBXContainerItemProxy section */
		C26087972D0E28C600A464A4 /* PBXContainerItemProxy */ = {
			isa = PBXContainerItemProxy;
			containerPortal = C260877E2D0E28C400A464A4 /* Project object */;
			proxyType = 1;
			remoteGlobalIDString = C26087852D0E28C400A464A4;
			remoteInfo = iPhoneScreenExtender;
		};
		C26087A12D0E28C600A464A4 /* PBXContainerItemProxy */ = {
			isa = PBXContainerItemProxy;
			containerPortal = C260877E2D0E28C400A464A4 /* Project object */;
			proxyType = 1;
			remoteGlobalIDString = C26087852D0E28C400A464A4;
			remoteInfo = iPhoneScreenExtender;
		};
/* End PBXContainerItemProxy section */

/* Begin PBXFileReference section */
		C26087862D0E28C400A464A4 /* iPhoneScreenExtender.app */ = {isa = PBXFileReference; explicitFileType = wrapper.application; includeInIndex = 0; path = iPhoneScreenExtender.app; sourceTree = BUILT_PRODUCTS_DIR; };
		C26087892D0E28C400A464A4 /* iPhoneScreenExtenderApp.swift */ = {isa = PBXFileReference; lastKnownFileType = sourcecode.swift; path = iPhoneScreenExtenderApp.swift; sourceTree = "<group>"; };
		C260878B2D0E28C400A464A4 /* ContentView.swift */ = {isa = PBXFileReference; lastKnownFileType = sourcecode.swift; path = ContentView.swift; sourceTree = "<group>"; };
		C260878D2D0E28C600A464A4 /* Assets.xcassets */ = {isa = PBXFileReference; lastKnownFileType = folder.assetcatalog; path = Assets.xcassets; sourceTree = "<group>"; };
		C26087902D0E28C600A464A4 /* Preview Assets.xcassets */ = {isa = PBXFileReference; lastKnownFileType = folder.assetcatalog; path = "Preview Assets.xcassets"; sourceTree = "<group>"; };
		C26087962D0E28C600A464A4 /* iPhoneScreenExtenderTests.xctest */ = {isa = PBXFileReference; explicitFileType = wrapper.cfbundle; includeInIndex = 0; path = iPhoneScreenExtenderTests.xctest; sourceTree = BUILT_PRODUCTS_DIR; };
		C260879A2D0E28C600A464A4 /* iPhoneScreenExtenderTests.swift */ = {isa = PBXFileReference; lastKnownFileType = sourcecode.swift; path = iPhoneScreenExtenderTests.swift; sourceTree = "<group>"; };
		C26087A02D0E28C600A464A4 /* iPhoneScreenExtenderUITests.xctest */ = {isa = PBXFileReference; explicitFileType = wrapper.cfbundle; includeInIndex = 0; path = iPhoneScreenExtenderUITests.xctest; sourceTree = BUILT_PRODUCTS_DIR; };
		C26087A42D0E28C600A464A4 /* iPhoneScreenExtenderUITests.swift */ = {isa = PBXFileReference; lastKnownFileType = sourcecode.swift; path = iPhoneScreenExtenderUITests.swift; sourceTree = "<group>"; };
		C26087A62D0E28C600A464A4 /* iPhoneScreenExtenderUITestsLaunchTests.swift */ = {isa = PBXFileReference; lastKnownFileType = sourcecode.swift; path = iPhoneScreenExtenderUITestsLaunchTests.swift; sourceTree = "<group>"; };
/* End PBXFileReference section */

/* Begin PBXFrameworksBuildPhase section */
		C26087832D0E28C400A464A4 /* Frameworks */ = {
			isa = PBXFrameworksBuildPhase;
			buildActionMask = 2147483647;
			files = (
			);
			runOnlyForDeploymentPostprocessing = 0;
		};
		C26087932D0E28C600A464A4 /* Frameworks */ = {
			isa = PBXFrameworksBuildPhase;
			buildActionMask = 2147483647;
			files = (
			);
			runOnlyForDeploymentPostprocessing = 0;
		};
		C260879D2D0E28C600A464A4 /* Frameworks */ = {
			isa = PBXFrameworksBuildPhase;
			buildActionMask = 2147483647;
			files = (
			);
			runOnlyForDeploymentPostprocessing = 0;
		};
/* End PBXFrameworksBuildPhase section */

/* Begin PBXGroup section */
		C260877D2D0E28C400A464A4 = {
			isa = PBXGroup;
			children = (
				C26087882D0E28C400A464A4 /* iPhoneScreenExtender */,
				C26087992D0E28C600A464A4 /* iPhoneScreenExtenderTests */,
				C26087A32D0E28C600A464A4 /* iPhoneScreenExtenderUITests */,
				C26087872D0E28C400A464A4 /* Products */,
			);
			sourceTree = "<group>";
		};
		C26087872D0E28C400A464A4 /* Products */ = {
			isa = PBXGroup;
			children = (
				C26087862D0E28C400A464A4 /* iPhoneScreenExtender.app */,
				C26087962D0E28C600A464A4 /* iPhoneScreenExtenderTests.xctest */,
				C26087A02D0E28C600A464A4 /* iPhoneScreenExtenderUITests.xctest */,
			);
			name = Products;
			sourceTree = "<group>";
		};
		C26087882D0E28C400A464A4 /* iPhoneScreenExtender */ = {
			isa = PBXGroup;
			children = (
				C26087892D0E28C400A464A4 /* iPhoneScreenExtenderApp.swift */,
				C260878B2D0E28C400A464A4 /* ContentView.swift */,
				C260878D2D0E28C600A464A4 /* Assets.xcassets */,
				C260878F2D0E28C600A464A4 /* Preview Content */,
			);
			path = iPhoneScreenExtender;
			sourceTree = "<group>";
		};
		C260878F2D0E28C600A464A4 /* Preview Content */ = {
			isa = PBXGroup;
			children = (
				C26087902D0E28C600A464A4 /* Preview Assets.xcassets */,
			);
			path = "Preview Content";
			sourceTree = "<group>";
		};
		C26087992D0E28C600A464A4 /* iPhoneScreenExtenderTests */ = {
			isa = PBXGroup;
			children = (
				C260879A2D0E28C600A464A4 /* iPhoneScreenExtenderTests.swift */,
			);
			path = iPhoneScreenExtenderTests;
			sourceTree = "<group>";
		};
		C26087A32D0E28C600A464A4 /* iPhoneScreenExtenderUITests */ = {
			isa = PBXGroup;
			children = (
				C26087A42D0E28C600A464A4 /* iPhoneScreenExtenderUITests.swift */,
				C26087A62D0E28C600A464A4 /* iPhoneScreenExtenderUITestsLaunchTests.swift */,
			);
			path = iPhoneScreenExtenderUITests;
			sourceTree = "<group>";
		};
/* End PBXGroup section */

/* Begin PBXNativeTarget section */
		C26087852D0E28C400A464A4 /* iPhoneScreenExtender */ = {
			isa = PBXNativeTarget;
			buildConfigurationList = C26087AA2D0E28C600A464A4 /* Build configuration list for PBXNativeTarget "iPhoneScreenExtender" */;
			buildPhases = (
				C26087822D0E28C400A464A4 /* Sources */,
				C26087832D0E28C400A464A4 /* Frameworks */,
				C26087842D0E28C400A464A4 /* Resources */,
			);
			buildRules = (
			);
			dependencies = (
			);
			name = iPhoneScreenExtender;
			productName = iPhoneScreenExtender;
			productReference = C26087862D0E28C400A464A4 /* iPhoneScreenExtender.app */;
			productType = "com.apple.product-type.application";
		};
		C26087952D0E28C600A464A4 /* iPhoneScreenExtenderTests */ = {
			isa = PBXNativeTarget;
			buildConfigurationList = C26087AD2D0E28C600A464A4 /* Build configuration list for PBXNativeTarget "iPhoneScreenExtenderTests" */;
			buildPhases = (
				C26087922D0E28C600A464A4 /* Sources */,
				C26087932D0E28C600A464A4 /* Frameworks */,
				C26087942D0E28C600A464A4 /* Resources */,
			);
			buildRules = (
			);
			dependencies = (
				C26087982D0E28C600A464A4 /* PBXTargetDependency */,
			);
			name = iPhoneScreenExtenderTests;
			productName = iPhoneScreenExtenderTests;
			productReference = C26087962D0E28C600A464A4 /* iPhoneScreenExtenderTests.xctest */;
			productType = "com.apple.product-type.bundle.unit-test";
		};
		C260879F2D0E28C600A464A4 /* iPhoneScreenExtenderUITests */ = {
			isa = PBXNativeTarget;
			buildConfigurationList = C26087B02D0E28C600A464A4 /* Build configuration list for PBXNativeTarget "iPhoneScreenExtenderUITests" */;
			buildPhases = (
				C260879C2D0E28C600A464A4 /* Sources */,
				C260879D2D0E28C600A464A4 /* Frameworks */,
				C260879E2D0E28C600A464A4 /* Resources */,
			);
			buildRules = (
			);
			dependencies = (
				C26087A22D0E28C600A464A4 /* PBXTargetDependency */,
			);
			name = iPhoneScreenExtenderUITests;
			productName = iPhoneScreenExtenderUITests;
			productReference = C26087A02D0E28C600A464A4 /* iPhoneScreenExtenderUITests.xctest */;
			productType = "com.apple.product-type.bundle.ui-testing";
		};
/* End PBXNativeTarget section */

/* Begin PBXProject section */
		C260877E2D0E28C400A464A4 /* Project object */ = {
			isa = PBXProject;
			attributes = {
				BuildIndependentTargetsInParallel = 1;
				LastSwiftUpdateCheck = 1540;
				LastUpgradeCheck = 1540;
				TargetAttributes = {
					C26087852D0E28C400A464A4 = {
						CreatedOnToolsVersion = 15.4;
					};
					C26087952D0E28C600A464A4 = {
						CreatedOnToolsVersion = 15.4;
						TestTargetID = C26087852D0E28C400A464A4;
					};
					C260879F2D0E28C600A464A4 = {
						CreatedOnToolsVersion = 15.4;
						TestTargetID = C26087852D0E28C400A464A4;
					};
				};
			};
			buildConfigurationList = C26087812D0E28C400A464A4 /* Build configuration list for PBXProject "iPhoneScreenExtender" */;
			compatibilityVersion = "Xcode 14.0";
			developmentRegion = en;
			hasScannedForEncodings = 0;
			knownRegions = (
				en,
				Base,
			);
			mainGroup = C260877D2D0E28C400A464A4;
			productRefGroup = C26087872D0E28C400A464A4 /* Products */;
			projectDirPath = "";
			projectRoot = "";
			targets = (
				C26087852D0E28C400A464A4 /* iPhoneScreenExtender */,
				C26087952D0E28C600A464A4 /* iPhoneScreenExtenderTests */,
				C260879F2D0E28C600A464A4 /* iPhoneScreenExtenderUITests */,
			);
		};
/* End PBXProject section */

/* Begin PBXResourcesBuildPhase section */
		C26087842D0E28C400A464A4 /* Resources */ = {
			isa = PBXResourcesBuildPhase;
			buildActionMask = 2147483647;
			files = (
				C26087912D0E28C600A464A4 /* Preview Assets.xcassets in Resources */,
				C260878E2D0E28C600A464A4 /* Assets.xcassets in Resources */,
			);
			runOnlyForDeploymentPostprocessing = 0;
		};
		C26087942D0E28C600A464A4 /* Resources */ = {
			isa = PBXResourcesBuildPhase;
			buildActionMask = 2147483647;
			files = (
			);
			runOnlyForDeploymentPostprocessing = 0;
		};
		C260879E2D0E28C600A464A4 /* Resources */ = {
			isa = PBXResourcesBuildPhase;
			buildActionMask = 2147483647;
			files = (
			);
			runOnlyForDeploymentPostprocessing = 0;
		};
/* End PBXResourcesBuildPhase section */

/* Begin PBXSourcesBuildPhase section */
		C26087822D0E28C400A464A4 /* Sources */ = {
			isa = PBXSourcesBuildPhase;
			buildActionMask = 2147483647;
			files = (
				C260878C2D0E28C400A464A4 /* ContentView.swift in Sources */,
				C260878A2D0E28C400A464A4 /* iPhoneScreenExtenderApp.swift in Sources */,
			);
			runOnlyForDeploymentPostprocessing = 0;
		};
		C26087922D0E28C600A464A4 /* Sources */ = {
			isa = PBXSourcesBuildPhase;
			buildActionMask = 2147483647;
			files = (
				C260879B2D0E28C600A464A4 /* iPhoneScreenExtenderTests.swift in Sources */,
			);
			runOnlyForDeploymentPostprocessing = 0;
		};
		C260879C2D0E28C600A464A4 /* Sources */ = {
			isa = PBXSourcesBuildPhase;
			buildActionMask = 2147483647;
			files = (
				C26087A72D0E28C600A464A4 /* iPhoneScreenExtenderUITestsLaunchTests.swift in Sources */,
				C26087A52D0E28C600A464A4 /* iPhoneScreenExtenderUITests.swift in Sources */,
			);
			runOnlyForDeploymentPostprocessing = 0;
		};
/* End PBXSourcesBuildPhase section */

/* Begin PBXTargetDependency section */
		C26087982D0E28C600A464A4 /* PBXTargetDependency */ = {
			isa = PBXTargetDependency;
			target = C26087852D0E28C400A464A4 /* iPhoneScreenExtender */;
			targetProxy = C26087972D0E28C600A464A4 /* PBXContainerItemProxy */;
		};
		C26087A22D0E28C600A464A4 /* PBXTargetDependency */ = {
			isa = PBXTargetDependency;
			target = C26087852D0E28C400A464A4 /* iPhoneScreenExtender */;
			targetProxy = C26087A12D0E28C600A464A4 /* PBXContainerItemProxy */;
		};
/* End PBXTargetDependency section */

/* Begin XCBuildConfiguration section */
		C26087A82D0E28C600A464A4 /* Debug */ = {
			isa = XCBuildConfiguration;
			buildSettings = {
				ALWAYS_SEARCH_USER_PATHS = NO;
				ASSETCATALOG_COMPILER_GENERATE_SWIFT_ASSET_SYMBOL_EXTENSIONS = YES;
				CLANG_ANALYZER_NONNULL = YES;
				CLANG_ANALYZER_NUMBER_OBJECT_CONVERSION = YES_AGGRESSIVE;
				CLANG_CXX_LANGUAGE_STANDARD = "gnu++20";
				CLANG_ENABLE_MODULES = YES;
				CLANG_ENABLE_OBJC_ARC = YES;
				CLANG_ENABLE_OBJC_WEAK = YES;
				CLANG_WARN_BLOCK_CAPTURE_AUTORELEASING = YES;
				CLANG_WARN_BOOL_CONVERSION = YES;
				CLANG_WARN_COMMA = YES;
				CLANG_WARN_CONSTANT_CONVERSION = YES;
				CLANG_WARN_DEPRECATED_OBJC_IMPLEMENTATIONS = YES;
				CLANG_WARN_DIRECT_OBJC_ISA_USAGE = YES_ERROR;
				CLANG_WARN_DOCUMENTATION_COMMENTS = YES;
				CLANG_WARN_EMPTY_BODY = YES;
				CLANG_WARN_ENUM_CONVERSION = YES;
				CLANG_WARN_INFINITE_RECURSION = YES;
				CLANG_WARN_INT_CONVERSION = YES;
				CLANG_WARN_NON_LITERAL_NULL_CONVERSION = YES;
				CLANG_WARN_OBJC_IMPLICIT_RETAIN_SELF = YES;
				CLANG_WARN_OBJC_LITERAL_CONVERSION = YES;
				CLANG_WARN_OBJC_ROOT_CLASS = YES_ERROR;
				CLANG_WARN_QUOTED_INCLUDE_IN_FRAMEWORK_HEADER = YES;
				CLANG_WARN_RANGE_LOOP_ANALYSIS = YES;
				CLANG_WARN_STRICT_PROTOTYPES = YES;
				CLANG_WARN_SUSPICIOUS_MOVE = YES;
				CLANG_WARN_UNGUARDED_AVAILABILITY = YES_AGGRESSIVE;
				CLANG_WARN_UNREACHABLE_CODE = YES;
				CLANG_WARN__DUPLICATE_METHOD_MATCH = YES;
				COPY_PHASE_STRIP = NO;
				DEBUG_INFORMATION_FORMAT = dwarf;
				ENABLE_STRICT_OBJC_MSGSEND = YES;
				ENABLE_TESTABILITY = YES;
				ENABLE_USER_SCRIPT_SANDBOXING = YES;
				GCC_C_LANGUAGE_STANDARD = gnu17;
				GCC_DYNAMIC_NO_PIC = NO;
				GCC_NO_COMMON_BLOCKS = YES;
				GCC_OPTIMIZATION_LEVEL = 0;
				GCC_PREPROCESSOR_DEFINITIONS = (
					"DEBUG=1",
					"$(inherited)",
				);
				GCC_WARN_64_TO_32_BIT_CONVERSION = YES;
				GCC_WARN_ABOUT_RETURN_TYPE = YES_ERROR;
				GCC_WARN_UNDECLARED_SELECTOR = YES;
				GCC_WARN_UNINITIALIZED_AUTOS = YES_AGGRESSIVE;
				GCC_WARN_UNUSED_FUNCTION = YES;
				GCC_WARN_UNUSED_VARIABLE = YES;
				IPHONEOS_DEPLOYMENT_TARGET = 17.5;
				LOCALIZATION_PREFERS_STRING_CATALOGS = YES;
				MTL_ENABLE_DEBUG_INFO = INCLUDE_SOURCE;
				MTL_FAST_MATH = YES;
				ONLY_ACTIVE_ARCH = YES;
				SDKROOT = iphoneos;
				SWIFT_ACTIVE_COMPILATION_CONDITIONS = "DEBUG $(inherited)";
				SWIFT_OPTIMIZATION_LEVEL = "-Onone";
			};
			name = Debug;
		};
		C26087A92D0E28C600A464A4 /* Release */ = {
			isa = XCBuildConfiguration;
			buildSettings = {
				ALWAYS_SEARCH_USER_PATHS = NO;
				ASSETCATALOG_COMPILER_GENERATE_SWIFT_ASSET_SYMBOL_EXTENSIONS = YES;
				CLANG_ANALYZER_NONNULL = YES;
				CLANG_ANALYZER_NUMBER_OBJECT_CONVERSION = YES_AGGRESSIVE;
				CLANG_CXX_LANGUAGE_STANDARD = "gnu++20";
				CLANG_ENABLE_MODULES = YES;
				CLANG_ENABLE_OBJC_ARC = YES;
				CLANG_ENABLE_OBJC_WEAK = YES;
				CLANG_WARN_BLOCK_CAPTURE_AUTORELEASING = YES;
				CLANG_WARN_BOOL_CONVERSION = YES;
				CLANG_WARN_COMMA = YES;
				CLANG_WARN_CONSTANT_CONVERSION = YES;
				CLANG_WARN_DEPRECATED_OBJC_IMPLEMENTATIONS = YES;
				CLANG_WARN_DIRECT_OBJC_ISA_USAGE = YES_ERROR;
				CLANG_WARN_DOCUMENTATION_COMMENTS = YES;
				CLANG_WARN_EMPTY_BODY = YES;
				CLANG_WARN_ENUM_CONVERSION = YES;
				CLANG_WARN_INFINITE_RECURSION = YES;
				CLANG_WARN_INT_CONVERSION = YES;
				CLANG_WARN_NON_LITERAL_NULL_CONVERSION = YES;
				CLANG_WARN_OBJC_IMPLICIT_RETAIN_SELF = YES;
				CLANG_WARN_OBJC_LITERAL_CONVERSION = YES;
				CLANG_WARN_OBJC_ROOT_CLASS = YES_ERROR;
				CLANG_WARN_QUOTED_INCLUDE_IN_FRAMEWORK_HEADER = YES;
				CLANG_WARN_RANGE_LOOP_ANALYSIS = YES;
				CLANG_WARN_STRICT_PROTOTYPES = YES;
				CLANG_WARN_SUSPICIOUS_MOVE = YES;
				CLANG_WARN_UNGUARDED_AVAILABILITY = YES_AGGRESSIVE;
				CLANG_WARN_UNREACHABLE_CODE = YES;
				CLANG_WARN__DUPLICATE_METHOD_MATCH = YES;
				COPY_PHASE_STRIP = NO;
				DEBUG_INFORMATION_FORMAT = "dwarf-with-dsym";
				ENABLE_NS_ASSERTIONS = NO;
				ENABLE_STRICT_OBJC_MSGSEND = YES;
				ENABLE_USER_SCRIPT_SANDBOXING = YES;
				GCC_C_LANGUAGE_STANDARD = gnu17;
				GCC_NO_COMMON_BLOCKS = YES;
				GCC_WARN_64_TO_32_BIT_CONVERSION = YES;
				GCC_WARN_ABOUT_RETURN_TYPE = YES_ERROR;
				GCC_WARN_UNDECLARED_SELECTOR = YES;
				GCC_WARN_UNINITIALIZED_AUTOS = YES_AGGRESSIVE;
				GCC_WARN_UNUSED_FUNCTION = YES;
				GCC_WARN_UNUSED_VARIABLE = YES;
				IPHONEOS_DEPLOYMENT_TARGET = 17.5;
				LOCALIZATION_PREFERS_STRING_CATALOGS = YES;
				MTL_ENABLE_DEBUG_INFO = NO;
				MTL_FAST_MATH = YES;
				SDKROOT = iphoneos;
				SWIFT_COMPILATION_MODE = wholemodule;
				VALIDATE_PRODUCT = YES;
			};
			name = Release;
		};
		C26087AB2D0E28C600A464A4 /* Debug */ = {
			isa = XCBuildConfiguration;
			buildSettings = {
				ASSETCATALOG_COMPILER_APPICON_NAME = AppIcon;
				ASSETCATALOG_COMPILER_GLOBAL_ACCENT_COLOR_NAME = AccentColor;
				CODE_SIGN_STYLE = Automatic;
				CURRENT_PROJECT_VERSION = 1;
				DEVELOPMENT_ASSET_PATHS = "\"iPhoneScreenExtender/Preview Content\"";
				DEVELOPMENT_TEAM = F8FHD2SSRY;
				ENABLE_PREVIEWS = YES;
				GENERATE_INFOPLIST_FILE = YES;
				INFOPLIST_KEY_UIApplicationSceneManifest_Generation = YES;
				INFOPLIST_KEY_UIApplicationSupportsIndirectInputEvents = YES;
				INFOPLIST_KEY_UILaunchScreen_Generation = YES;
				INFOPLIST_KEY_UISupportedInterfaceOrientations_iPad = "UIInterfaceOrientationPortrait UIInterfaceOrientationPortraitUpsideDown UIInterfaceOrientationLandscapeLeft UIInterfaceOrientationLandscapeRight";
				INFOPLIST_KEY_UISupportedInterfaceOrientations_iPhone = "UIInterfaceOrientationPortrait UIInterfaceOrientationLandscapeLeft UIInterfaceOrientationLandscapeRight";
				LD_RUNPATH_SEARCH_PATHS = (
					"$(inherited)",
					"@executable_path/Frameworks",
				);
				MARKETING_VERSION = 1.0;
				PRODUCT_BUNDLE_IDENTIFIER = arman.iPhoneScreenExtender;
				PRODUCT_NAME = "$(TARGET_NAME)";
				SWIFT_EMIT_LOC_STRINGS = YES;
				SWIFT_VERSION = 5.0;
				TARGETED_DEVICE_FAMILY = "1,2";
			};
			name = Debug;
		};
		C26087AC2D0E28C600A464A4 /* Release */ = {
			isa = XCBuildConfiguration;
			buildSettings = {
				ASSETCATALOG_COMPILER_APPICON_NAME = AppIcon;
				ASSETCATALOG_COMPILER_GLOBAL_ACCENT_COLOR_NAME = AccentColor;
				CODE_SIGN_STYLE = Automatic;
				CURRENT_PROJECT_VERSION = 1;
				DEVELOPMENT_ASSET_PATHS = "\"iPhoneScreenExtender/Preview Content\"";
				DEVELOPMENT_TEAM = F8FHD2SSRY;
				ENABLE_PREVIEWS = YES;
				GENERATE_INFOPLIST_FILE = YES;
				INFOPLIST_KEY_UIApplicationSceneManifest_Generation = YES;
				INFOPLIST_KEY_UIApplicationSupportsIndirectInputEvents = YES;
				INFOPLIST_KEY_UILaunchScreen_Generation = YES;
				INFOPLIST_KEY_UISupportedInterfaceOrientations_iPad = "UIInterfaceOrientationPortrait UIInterfaceOrientationPortraitUpsideDown UIInterfaceOrientationLandscapeLeft UIInterfaceOrientationLandscapeRight";
				INFOPLIST_KEY_UISupportedInterfaceOrientations_iPhone = "UIInterfaceOrientationPortrait UIInterfaceOrientationLandscapeLeft UIInterfaceOrientationLandscapeRight";
				LD_RUNPATH_SEARCH_PATHS = (
					"$(inherited)",
					"@executable_path/Frameworks",
				);
				MARKETING_VERSION = 1.0;
				PRODUCT_BUNDLE_IDENTIFIER = arman.iPhoneScreenExtender;
				PRODUCT_NAME = "$(TARGET_NAME)";
				SWIFT_EMIT_LOC_STRINGS = YES;
				SWIFT_VERSION = 5.0;
				TARGETED_DEVICE_FAMILY = "1,2";
			};
			name = Release;
		};
		C26087AE2D0E28C600A464A4 /* Debug */ = {
			isa = XCBuildConfiguration;
			buildSettings = {
				ALWAYS_EMBED_SWIFT_STANDARD_LIBRARIES = YES;
				BUNDLE_LOADER = "$(TEST_HOST)";
				CODE_SIGN_STYLE = Automatic;
				CURRENT_PROJECT_VERSION = 1;
				DEVELOPMENT_TEAM = F8FHD2SSRY;
				GENERATE_INFOPLIST_FILE = YES;
				IPHONEOS_DEPLOYMENT_TARGET = 17.5;
				MARKETING_VERSION = 1.0;
				PRODUCT_BUNDLE_IDENTIFIER = arman.iPhoneScreenExtenderTests;
				PRODUCT_NAME = "$(TARGET_NAME)";
				SWIFT_EMIT_LOC_STRINGS = NO;
				SWIFT_VERSION = 5.0;
				TARGETED_DEVICE_FAMILY = "1,2";
				TEST_HOST = "$(BUILT_PRODUCTS_DIR)/iPhoneScreenExtender.app/$(BUNDLE_EXECUTABLE_FOLDER_PATH)/iPhoneScreenExtender";
			};
			name = Debug;
		};
		C26087AF2D0E28C600A464A4 /* Release */ = {
			isa = XCBuildConfiguration;
			buildSettings = {
				ALWAYS_EMBED_SWIFT_STANDARD_LIBRARIES = YES;
				BUNDLE_LOADER = "$(TEST_HOST)";
				CODE_SIGN_STYLE = Automatic;
				CURRENT_PROJECT_VERSION = 1;
				DEVELOPMENT_TEAM = F8FHD2SSRY;
				GENERATE_INFOPLIST_FILE = YES;
				IPHONEOS_DEPLOYMENT_TARGET = 17.5;
				MARKETING_VERSION = 1.0;
				PRODUCT_BUNDLE_IDENTIFIER = arman.iPhoneScreenExtenderTests;
				PRODUCT_NAME = "$(TARGET_NAME)";
				SWIFT_EMIT_LOC_STRINGS = NO;
				SWIFT_VERSION = 5.0;
				TARGETED_DEVICE_FAMILY = "1,2";
				TEST_HOST = "$(BUILT_PRODUCTS_DIR)/iPhoneScreenExtender.app/$(BUNDLE_EXECUTABLE_FOLDER_PATH)/iPhoneScreenExtender";
			};
			name = Release;
		};
		C26087B12D0E28C600A464A4 /* Debug */ = {
			isa = XCBuildConfiguration;
			buildSettings = {
				ALWAYS_EMBED_SWIFT_STANDARD_LIBRARIES = YES;
				CODE_SIGN_STYLE = Automatic;
				CURRENT_PROJECT_VERSION = 1;
				DEVELOPMENT_TEAM = F8FHD2SSRY;
				GENERATE_INFOPLIST_FILE = YES;
				MARKETING_VERSION = 1.0;
				PRODUCT_BUNDLE_IDENTIFIER = arman.iPhoneScreenExtenderUITests;
				PRODUCT_NAME = "$(TARGET_NAME)";
				SWIFT_EMIT_LOC_STRINGS = NO;
				SWIFT_VERSION = 5.0;
				TARGETED_DEVICE_FAMILY = "1,2";
				TEST_TARGET_NAME = iPhoneScreenExtender;
			};
			name = Debug;
		};
		C26087B22D0E28C600A464A4 /* Release */ = {
			isa = XCBuildConfiguration;
			buildSettings = {
				ALWAYS_EMBED_SWIFT_STANDARD_LIBRARIES = YES;
				CODE_SIGN_STYLE = Automatic;
				CURRENT_PROJECT_VERSION = 1;
				DEVELOPMENT_TEAM = F8FHD2SSRY;
				GENERATE_INFOPLIST_FILE = YES;
				MARKETING_VERSION = 1.0;
				PRODUCT_BUNDLE_IDENTIFIER = arman.iPhoneScreenExtenderUITests;
				PRODUCT_NAME = "$(TARGET_NAME)";
				SWIFT_EMIT_LOC_STRINGS = NO;
				SWIFT_VERSION = 5.0;
				TARGETED_DEVICE_FAMILY = "1,2";
				TEST_TARGET_NAME = iPhoneScreenExtender;
			};
			name = Release;
		};
/* End XCBuildConfiguration section */

/* Begin XCConfigurationList section */
		C26087812D0E28C400A464A4 /* Build configuration list for PBXProject "iPhoneScreenExtender" */ = {
			isa = XCConfigurationList;
			buildConfigurations = (
				C26087A82D0E28C600A464A4 /* Debug */,
				C26087A92D0E28C600A464A4 /* Release */,
			);
			defaultConfigurationIsVisible = 0;
			defaultConfigurationName = Release;
		};
		C26087AA2D0E28C600A464A4 /* Build configuration list for PBXNativeTarget "iPhoneScreenExtender" */ = {
			isa = XCConfigurationList;
			buildConfigurations = (
				C26087AB2D0E28C600A464A4 /* Debug */,
				C26087AC2D0E28C600A464A4 /* Release */,
			);
			defaultConfigurationIsVisible = 0;
			defaultConfigurationName = Release;
		};
		C26087AD2D0E28C600A464A4 /* Build configuration list for PBXNativeTarget "iPhoneScreenExtenderTests" */ = {
			isa = XCConfigurationList;
			buildConfigurations = (
				C26087AE2D0E28C600A464A4 /* Debug */,
				C26087AF2D0E28C600A464A4 /* Release */,
			);
			defaultConfigurationIsVisible = 0;
			defaultConfigurationName = Release;
		};
		C26087B02D0E28C600A464A4 /* Build configuration list for PBXNativeTarget "iPhoneScreenExtenderUITests" */ = {
			isa = XCConfigurationList;
			buildConfigurations = (
				C26087B12D0E28C600A464A4 /* Debug */,
				C26087B22D0E28C600A464A4 /* Release */,
			);
			defaultConfigurationIsVisible = 0;
			defaultConfigurationName = Release;
		};
/* End XCConfigurationList section */
	};
	rootObject = C260877E2D0E28C400A464A4 /* Project object */;
}
